
Microsoft Visual Studio Solution File, Format Version 12.00
# Visual Studio Version 17
VisualStudioVersion = 17.3.32929.385
MinimumVisualStudioVersion = 10.0.40219.1
Project("{FAE04EC0-301F-11D3-BF4B-00C04F79EFBC}") = "First program", "First program\First program.csproj", "{78099850-CAB5-4744-B957-94C4E7B9620B}"
EndProject
Global
	GlobalSection(SolutionConfigurationPlatforms) = preSolution
		Debug|Any CPU = Debug|Any CPU
		Release|Any CPU = Release|Any CPU
	EndGlobalSection
	GlobalSection(ProjectConfigurationPlatforms) = postSolution
		{78099850-CAB5-4744-B957-94C4E7B9620B}.Debug|Any CPU.ActiveCfg = Debug|Any CPU
		{78099850-CAB5-4744-B957-94C4E7B9620B}.Debug|Any CPU.Build.0 = Debug|Any CPU
		{78099850-CAB5-4744-B957-94C4E7B9620B}.Release|Any CPU.ActiveCfg = Release|Any CPU
		{78099850-CAB5-4744-B957-94C4E7B9620B}.Release|Any CPU.Build.0 = Release|Any CPU
	EndGlobalSection
	GlobalSection(SolutionProperties) = preSolution
		HideSolutionNode = FALSE
	EndGlobalSection
	GlobalSection(ExtensibilityGlobals) = postSolution
		SolutionGuid = {6919572D-B9A3-4D18-9861-6574AD22B670}
	EndGlobalSection
EndGlobal
